// !$*UTF8*$!
{
	archiveVersion = 1;
	classes = {
	};
	objectVersion = 50;
	objects = {

/* Begin PBXBuildFile section */
		40E736B60B3EEB8DCB074833 /* Pods_BitcoinTicker.framework in Frameworks */ = {isa = PBXBuildFile; fileRef = C3B96E55355F06E6A4E1B00C /* Pods_BitcoinTicker.framework */; };
		54CE79D920B6DCCD00A9F4BD /* AppDelegate.swift in Sources */ = {isa = PBXBuildFile; fileRef = 54CE79D820B6DCCD00A9F4BD /* AppDelegate.swift */; };
		54CE79DB20B6DCCD00A9F4BD /* ViewController.swift in Sources */ = {isa = PBXBuildFile; fileRef = 54CE79DA20B6DCCD00A9F4BD /* ViewController.swift */; };
		54CE79DE20B6DCCD00A9F4BD /* Main.storyboard in Resources */ = {isa = PBXBuildFile; fileRef = 54CE79DC20B6DCCD00A9F4BD /* Main.storyboard */; };
		54CE79E020B6DCCE00A9F4BD /* Assets.xcassets in Resources */ = {isa = PBXBuildFile; fileRef = 54CE79DF20B6DCCE00A9F4BD /* Assets.xcassets */; };
		54CE79E320B6DCCE00A9F4BD /* LaunchScreen.storyboard in Resources */ = {isa = PBXBuildFile; fileRef = 54CE79E120B6DCCE00A9F4BD /* LaunchScreen.storyboard */; };
		54CE79ED20B6F39500A9F4BD /* CustomTableViewCell.swift in Sources */ = {isa = PBXBuildFile; fileRef = 54CE79EC20B6F39500A9F4BD /* CustomTableViewCell.swift */; };
		54CE79EF20B6FBF300A9F4BD /* DetailViewController.swift in Sources */ = {isa = PBXBuildFile; fileRef = 54CE79EE20B6FBF300A9F4BD /* DetailViewController.swift */; };
		54CE7A1B20B7459100A9F4BD /* currencyData.swift in Sources */ = {isa = PBXBuildFile; fileRef = 54CE7A1A20B7459100A9F4BD /* currencyData.swift */; };
/* End PBXBuildFile section */

/* Begin PBXFileReference section */
		2EE4E21229E31C023FAC6AC6 /* Pods-BitcoinTicker.release.xcconfig */ = {isa = PBXFileReference; includeInIndex = 1; lastKnownFileType = text.xcconfig; name = "Pods-BitcoinTicker.release.xcconfig"; path = "Pods/Target Support Files/Pods-BitcoinTicker/Pods-BitcoinTicker.release.xcconfig"; sourceTree = "<group>"; };
		54CE79D520B6DCCD00A9F4BD /* BitcoinTicker.app */ = {isa = PBXFileReference; explicitFileType = wrapper.application; includeInIndex = 0; path = BitcoinTicker.app; sourceTree = BUILT_PRODUCTS_DIR; };
		54CE79D820B6DCCD00A9F4BD /* AppDelegate.swift */ = {isa = PBXFileReference; lastKnownFileType = sourcecode.swift; path = AppDelegate.swift; sourceTree = "<group>"; };
		54CE79DA20B6DCCD00A9F4BD /* ViewController.swift */ = {isa = PBXFileReference; lastKnownFileType = sourcecode.swift; path = ViewController.swift; sourceTree = "<group>"; };
		54CE79DD20B6DCCD00A9F4BD /* Base */ = {isa = PBXFileReference; lastKnownFileType = file.storyboard; name = Base; path = Base.lproj/Main.storyboard; sourceTree = "<group>"; };
		54CE79DF20B6DCCE00A9F4BD /* Assets.xcassets */ = {isa = PBXFileReference; lastKnownFileType = folder.assetcatalog; path = Assets.xcassets; sourceTree = "<group>"; };
		54CE79E220B6DCCE00A9F4BD /* Base */ = {isa = PBXFileReference; lastKnownFileType = file.storyboard; name = Base; path = Base.lproj/LaunchScreen.storyboard; sourceTree = "<group>"; };
		54CE79E420B6DCCE00A9F4BD /* Info.plist */ = {isa = PBXFileReference; lastKnownFileType = text.plist.xml; path = Info.plist; sourceTree = "<group>"; };
		54CE79EC20B6F39500A9F4BD /* CustomTableViewCell.swift */ = {isa = PBXFileReference; lastKnownFileType = sourcecode.swift; path = CustomTableViewCell.swift; sourceTree = "<group>"; };
		54CE79EE20B6FBF300A9F4BD /* DetailViewController.swift */ = {isa = PBXFileReference; lastKnownFileType = sourcecode.swift; path = DetailViewController.swift; sourceTree = "<group>"; };
		54CE7A1A20B7459100A9F4BD /* currencyData.swift */ = {isa = PBXFileReference; lastKnownFileType = sourcecode.swift; path = currencyData.swift; sourceTree = "<group>"; };
		C3B96E55355F06E6A4E1B00C /* Pods_BitcoinTicker.framework */ = {isa = PBXFileReference; explicitFileType = wrapper.framework; includeInIndex = 0; path = Pods_BitcoinTicker.framework; sourceTree = BUILT_PRODUCTS_DIR; };
		DEADBE1030CDED19917C7923 /* Pods-BitcoinTicker.debug.xcconfig */ = {isa = PBXFileReference; includeInIndex = 1; lastKnownFileType = text.xcconfig; name = "Pods-BitcoinTicker.debug.xcconfig"; path = "Pods/Target Support Files/Pods-BitcoinTicker/Pods-BitcoinTicker.debug.xcconfig"; sourceTree = "<group>"; };
/* End PBXFileReference section */

/* Begin PBXFrameworksBuildPhase section */
		54CE79D220B6DCCD00A9F4BD /* Frameworks */ = {
			isa = PBXFrameworksBuildPhase;
			buildActionMask = 2147483647;
			files = (
				40E736B60B3EEB8DCB074833 /* Pods_BitcoinTicker.framework in Frameworks */,
			);
			runOnlyForDeploymentPostprocessing = 0;
		};
/* End PBXFrameworksBuildPhase section */

/* Begin PBXGroup section */
		183DB3AA286C4840F83400CB /* Frameworks */ = {
			isa = PBXGroup;
			children = (
				C3B96E55355F06E6A4E1B00C /* Pods_BitcoinTicker.framework */,
			);
			name = Frameworks;
			sourceTree = "<group>";
		};
		54CE79CC20B6DCCD00A9F4BD = {
			isa = PBXGroup;
			children = (
				54CE79D720B6DCCD00A9F4BD /* BitcoinTicker */,
				54CE79D620B6DCCD00A9F4BD /* Products */,
				8997BED60E0DDF4CE0B36927 /* Pods */,
				183DB3AA286C4840F83400CB /* Frameworks */,
			);
			sourceTree = "<group>";
		};
		54CE79D620B6DCCD00A9F4BD /* Products */ = {
			isa = PBXGroup;
			children = (
				54CE79D520B6DCCD00A9F4BD /* BitcoinTicker.app */,
			);
			name = Products;
			sourceTree = "<group>";
		};
		54CE79D720B6DCCD00A9F4BD /* BitcoinTicker */ = {
			isa = PBXGroup;
			children = (
				54CE79D820B6DCCD00A9F4BD /* AppDelegate.swift */,
				54CE79DA20B6DCCD00A9F4BD /* ViewController.swift */,
				54CE79DC20B6DCCD00A9F4BD /* Main.storyboard */,
				54CE79DF20B6DCCE00A9F4BD /* Assets.xcassets */,
				54CE79E120B6DCCE00A9F4BD /* LaunchScreen.storyboard */,
				54CE79E420B6DCCE00A9F4BD /* Info.plist */,
				54CE79EC20B6F39500A9F4BD /* CustomTableViewCell.swift */,
				54CE79EE20B6FBF300A9F4BD /* DetailViewController.swift */,
				54CE7A1A20B7459100A9F4BD /* currencyData.swift */,
			);
			path = BitcoinTicker;
			sourceTree = "<group>";
		};
		8997BED60E0DDF4CE0B36927 /* Pods */ = {
			isa = PBXGroup;
			children = (
				DEADBE1030CDED19917C7923 /* Pods-BitcoinTicker.debug.xcconfig */,
				2EE4E21229E31C023FAC6AC6 /* Pods-BitcoinTicker.release.xcconfig */,
			);
			name = Pods;
			sourceTree = "<group>";
		};
/* End PBXGroup section */

/* Begin PBXNativeTarget section */
		54CE79D420B6DCCD00A9F4BD /* BitcoinTicker */ = {
			isa = PBXNativeTarget;
			buildConfigurationList = 54CE79E720B6DCCE00A9F4BD /* Build configuration list for PBXNativeTarget "BitcoinTicker" */;
			buildPhases = (
				60D732551B398473A8B47444 /* [CP] Check Pods Manifest.lock */,
				54CE79D120B6DCCD00A9F4BD /* Sources */,
				54CE79D220B6DCCD00A9F4BD /* Frameworks */,
				54CE79D320B6DCCD00A9F4BD /* Resources */,
				2E25EEDAD8C714C0A031ABF1 /* [CP] Embed Pods Frameworks */,
				FEFFFDDF0E003DACCE8930E5 /* [CP] Copy Pods Resources */,
			);
			buildRules = (
			);
			dependencies = (
			);
			name = BitcoinTicker;
			productName = BitcoinTicker;
			productReference = 54CE79D520B6DCCD00A9F4BD /* BitcoinTicker.app */;
			productType = "com.apple.product-type.application";
		};
/* End PBXNativeTarget section */

/* Begin PBXProject section */
		54CE79CD20B6DCCD00A9F4BD /* Project object */ = {
			isa = PBXProject;
			attributes = {
				LastSwiftUpdateCheck = 0930;
				LastUpgradeCheck = 0930;
				ORGANIZATIONNAME = S2H;
				TargetAttributes = {
					54CE79D420B6DCCD00A9F4BD = {
						CreatedOnToolsVersion = 9.3;
					};
				};
			};
			buildConfigurationList = 54CE79D020B6DCCD00A9F4BD /* Build configuration list for PBXProject "BitcoinTicker" */;
			compatibilityVersion = "Xcode 9.3";
			developmentRegion = en;
			hasScannedForEncodings = 0;
			knownRegions = (
				en,
				Base,
			);
			mainGroup = 54CE79CC20B6DCCD00A9F4BD;
			productRefGroup = 54CE79D620B6DCCD00A9F4BD /* Products */;
			projectDirPath = "";
			projectRoot = "";
			targets = (
				54CE79D420B6DCCD00A9F4BD /* BitcoinTicker */,
			);
		};
/* End PBXProject section */

/* Begin PBXResourcesBuildPhase section */
		54CE79D320B6DCCD00A9F4BD /* Resources */ = {
			isa = PBXResourcesBuildPhase;
			buildActionMask = 2147483647;
			files = (
				54CE79E320B6DCCE00A9F4BD /* LaunchScreen.storyboard in Resources */,
				54CE79E020B6DCCE00A9F4BD /* Assets.xcassets in Resources */,
				54CE79DE20B6DCCD00A9F4BD /* Main.storyboard in Resources */,
			);
			runOnlyForDeploymentPostprocessing = 0;
		};
/* End PBXResourcesBuildPhase section */

/* Begin PBXShellScriptBuildPhase section */
		2E25EEDAD8C714C0A031ABF1 /* [CP] Embed Pods Frameworks */ = {
			isa = PBXShellScriptBuildPhase;
			buildActionMask = 2147483647;
			files = (
			);
			inputPaths = (
				"${SRCROOT}/Pods/Target Support Files/Pods-BitcoinTicker/Pods-BitcoinTicker-frameworks.sh",
				"${BUILT_PRODUCTS_DIR}/Alamofire/Alamofire.framework",
				"${BUILT_PRODUCTS_DIR}/SwiftyJSON/SwiftyJSON.framework",
			);
			name = "[CP] Embed Pods Frameworks";
			outputPaths = (
				"${TARGET_BUILD_DIR}/${FRAMEWORKS_FOLDER_PATH}/Alamofire.framework",
				"${TARGET_BUILD_DIR}/${FRAMEWORKS_FOLDER_PATH}/SwiftyJSON.framework",
			);
			runOnlyForDeploymentPostprocessing = 0;
			shellPath = /bin/sh;
			shellScript = "\"${SRCROOT}/Pods/Target Support Files/Pods-BitcoinTicker/Pods-BitcoinTicker-frameworks.sh\"\n";
			showEnvVarsInLog = 0;
		};
		60D732551B398473A8B47444 /* [CP] Check Pods Manifest.lock */ = {
			isa = PBXShellScriptBuildPhase;
			buildActionMask = 2147483647;
			files = (
			);
			inputPaths = (
				"${PODS_PODFILE_DIR_PATH}/Podfile.lock",
				"${PODS_ROOT}/Manifest.lock",
			);
			name = "[CP] Check Pods Manifest.lock";
			outputPaths = (
				"$(DERIVED_FILE_DIR)/Pods-BitcoinTicker-checkManifestLockResult.txt",
			);
			runOnlyForDeploymentPostprocessing = 0;
			shellPath = /bin/sh;
			shellScript = "diff \"${PODS_PODFILE_DIR_PATH}/Podfile.lock\" \"${PODS_ROOT}/Manifest.lock\" > /dev/null\nif [ $? != 0 ] ; then\n    # print error to STDERR\n    echo \"error: The sandbox is not in sync with the Podfile.lock. Run 'pod install' or update your CocoaPods installation.\" >&2\n    exit 1\nfi\n# This output is used by Xcode 'outputs' to avoid re-running this script phase.\necho \"SUCCESS\" > \"${SCRIPT_OUTPUT_FILE_0}\"\n";
			showEnvVarsInLog = 0;
		};
		FEFFFDDF0E003DACCE8930E5 /* [CP] Copy Pods Resources */ = {
			isa = PBXShellScriptBuildPhase;
			buildActionMask = 2147483647;
			files = (
			);
			inputPaths = (
			);
			name = "[CP] Copy Pods Resources";
			outputPaths = (
			);
			runOnlyForDeploymentPostprocessing = 0;
			shellPath = /bin/sh;
			shellScript = "\"${SRCROOT}/Pods/Target Support Files/Pods-BitcoinTicker/Pods-BitcoinTicker-resources.sh\"\n";
			showEnvVarsInLog = 0;
		};
/* End PBXShellScriptBuildPhase section */

/* Begin PBXSourcesBuildPhase section */
		54CE79D120B6DCCD00A9F4BD /* Sources */ = {
			isa = PBXSourcesBuildPhase;
			buildActionMask = 2147483647;
			files = (
				54CE79ED20B6F39500A9F4BD /* CustomTableViewCell.swift in Sources */,
				54CE79DB20B6DCCD00A9F4BD /* ViewController.swift in Sources */,
				54CE79D920B6DCCD00A9F4BD /* AppDelegate.swift in Sources */,
				54CE7A1B20B7459100A9F4BD /* currencyData.swift in Sources */,
				54CE79EF20B6FBF300A9F4BD /* DetailViewController.swift in Sources */,
			);
			runOnlyForDeploymentPostprocessing = 0;
		};
/* End PBXSourcesBuildPhase section */

/* Begin PBXVariantGroup section */
		54CE79DC20B6DCCD00A9F4BD /* Main.storyboard */ = {
			isa = PBXVariantGroup;
			children = (
				54CE79DD20B6DCCD00A9F4BD /* Base */,
			);
			name = Main.storyboard;
			sourceTree = "<group>";
		};
		54CE79E120B6DCCE00A9F4BD /* LaunchScreen.storyboard */ = {
			isa = PBXVariantGroup;
			children = (
				54CE79E220B6DCCE00A9F4BD /* Base */,
			);
			name = LaunchScreen.storyboard;
			sourceTree = "<group>";
		};
/* End PBXVariantGroup section */

/* Begin XCBuildConfiguration section */
		54CE79E520B6DCCE00A9F4BD /* Debug */ = {
			isa = XCBuildConfiguration;
			buildSettings = {
				ALWAYS_SEARCH_USER_PATHS = NO;
				CLANG_ANALYZER_NONNULL = YES;
				CLANG_ANALYZER_NUMBER_OBJECT_CONVERSION = YES_AGGRESSIVE;
				CLANG_CXX_LANGUAGE_STANDARD = "gnu++14";
				CLANG_CXX_LIBRARY = "libc++";
				CLANG_ENABLE_MODULES = YES;
				CLANG_ENABLE_OBJC_ARC = YES;
				CLANG_ENABLE_OBJC_WEAK = YES;
				CLANG_WARN_BLOCK_CAPTURE_AUTORELEASING = YES;
				CLANG_WARN_BOOL_CONVERSION = YES;
				CLANG_WARN_COMMA = YES;
				CLANG_WARN_CONSTANT_CONVERSION = YES;
				CLANG_WARN_DEPRECATED_OBJC_IMPLEMENTATIONS = YES;
				CLANG_WARN_DIRECT_OBJC_ISA_USAGE = YES_ERROR;
				CLANG_WARN_DOCUMENTATION_COMMENTS = YES;
				CLANG_WARN_EMPTY_BODY = YES;
				CLANG_WARN_ENUM_CONVERSION = YES;
				CLANG_WARN_INFINITE_RECURSION = YES;
				CLANG_WARN_INT_CONVERSION = YES;
				CLANG_WARN_NON_LITERAL_NULL_CONVERSION = YES;
				CLANG_WARN_OBJC_IMPLICIT_RETAIN_SELF = YES;
				CLANG_WARN_OBJC_LITERAL_CONVERSION = YES;
				CLANG_WARN_OBJC_ROOT_CLASS = YES_ERROR;
				CLANG_WARN_RANGE_LOOP_ANALYSIS = YES;
				CLANG_WARN_STRICT_PROTOTYPES = YES;
				CLANG_WARN_SUSPICIOUS_MOVE = YES;
				CLANG_WARN_UNGUARDED_AVAILABILITY = YES_AGGRESSIVE;
				CLANG_WARN_UNREACHABLE_CODE = YES;
				CLANG_WARN__DUPLICATE_METHOD_MATCH = YES;
				CODE_SIGN_IDENTITY = "iPhone Developer";
				COPY_PHASE_STRIP = NO;
				DEBUG_INFORMATION_FORMAT = dwarf;
				ENABLE_STRICT_OBJC_MSGSEND = YES;
				ENABLE_TESTABILITY = YES;
				GCC_C_LANGUAGE_STANDARD = gnu11;
				GCC_DYNAMIC_NO_PIC = NO;
				GCC_NO_COMMON_BLOCKS = YES;
				GCC_OPTIMIZATION_LEVEL = 0;
				GCC_PREPROCESSOR_DEFINITIONS = (
					"DEBUG=1",
					"$(inherited)",
				);
				GCC_WARN_64_TO_32_BIT_CONVERSION = YES;
				GCC_WARN_ABOUT_RETURN_TYPE = YES_ERROR;
				GCC_WARN_UNDECLARED_SELECTOR = YES;
				GCC_WARN_UNINITIALIZED_AUTOS = YES_AGGRESSIVE;
				GCC_WARN_UNUSED_FUNCTION = YES;
				GCC_WARN_UNUSED_VARIABLE = YES;
				IPHONEOS_DEPLOYMENT_TARGET = 11.3;
				MTL_ENABLE_DEBUG_INFO = YES;
				ONLY_ACTIVE_ARCH = YES;
				SDKROOT = iphoneos;
				SWIFT_ACTIVE_COMPILATION_CONDITIONS = DEBUG;
				SWIFT_OPTIMIZATION_LEVEL = "-Onone";
			};
			name = Debug;
		};
		54CE79E620B6DCCE00A9F4BD /* Release */ = {
			isa = XCBuildConfiguration;
			buildSettings = {
				ALWAYS_SEARCH_USER_PATHS = NO;
				CLANG_ANALYZER_NONNULL = YES;
				CLANG_ANALYZER_NUMBER_OBJECT_CONVERSION = YES_AGGRESSIVE;
				CLANG_CXX_LANGUAGE_STANDARD = "gnu++14";
				CLANG_CXX_LIBRARY = "libc++";
				CLANG_ENABLE_MODULES = YES;
				CLANG_ENABLE_OBJC_ARC = YES;
				CLANG_ENABLE_OBJC_WEAK = YES;
				CLANG_WARN_BLOCK_CAPTURE_AUTORELEASING = YES;
				CLANG_WARN_BOOL_CONVERSION = YES;
				CLANG_WARN_COMMA = YES;
				CLANG_WARN_CONSTANT_CONVERSION = YES;
				CLANG_WARN_DEPRECATED_OBJC_IMPLEMENTATIONS = YES;
				CLANG_WARN_DIRECT_OBJC_ISA_USAGE = YES_ERROR;
				CLANG_WARN_DOCUMENTATION_COMMENTS = YES;
				CLANG_WARN_EMPTY_BODY = YES;
				CLANG_WARN_ENUM_CONVERSION = YES;
				CLANG_WARN_INFINITE_RECURSION = YES;
				CLANG_WARN_INT_CONVERSION = YES;
				CLANG_WARN_NON_LITERAL_NULL_CONVERSION = YES;
				CLANG_WARN_OBJC_IMPLICIT_RETAIN_SELF = YES;
				CLANG_WARN_OBJC_LITERAL_CONVERSION = YES;
				CLANG_WARN_OBJC_ROOT_CLASS = YES_ERROR;
				CLANG_WARN_RANGE_LOOP_ANALYSIS = YES;
				CLANG_WARN_STRICT_PROTOTYPES = YES;
				CLANG_WARN_SUSPICIOUS_MOVE = YES;
				CLANG_WARN_UNGUARDED_AVAILABILITY = YES_AGGRESSIVE;
				CLANG_WARN_UNREACHABLE_CODE = YES;
				CLANG_WARN__DUPLICATE_METHOD_MATCH = YES;
				CODE_SIGN_IDENTITY = "iPhone Developer";
				COPY_PHASE_STRIP = NO;
				DEBUG_INFORMATION_FORMAT = "dwarf-with-dsym";
				ENABLE_NS_ASSERTIONS = NO;
				ENABLE_STRICT_OBJC_MSGSEND = YES;
				GCC_C_LANGUAGE_STANDARD = gnu11;
				GCC_NO_COMMON_BLOCKS = YES;
				GCC_WARN_64_TO_32_BIT_CONVERSION = YES;
				GCC_WARN_ABOUT_RETURN_TYPE = YES_ERROR;
				GCC_WARN_UNDECLARED_SELECTOR = YES;
				GCC_WARN_UNINITIALIZED_AUTOS = YES_AGGRESSIVE;
				GCC_WARN_UNUSED_FUNCTION = YES;
				GCC_WARN_UNUSED_VARIABLE = YES;
				IPHONEOS_DEPLOYMENT_TARGET = 11.3;
				MTL_ENABLE_DEBUG_INFO = NO;
				SDKROOT = iphoneos;
				SWIFT_COMPILATION_MODE = wholemodule;
				SWIFT_OPTIMIZATION_LEVEL = "-O";
				VALIDATE_PRODUCT = YES;
			};
			name = Release;
		};
		54CE79E820B6DCCE00A9F4BD /* Debug */ = {
			isa = XCBuildConfiguration;
			baseConfigurationReference = DEADBE1030CDED19917C7923 /* Pods-BitcoinTicker.debug.xcconfig */;
			buildSettings = {
				ASSETCATALOG_COMPILER_APPICON_NAME = AppIcon;
				CODE_SIGN_STYLE = Automatic;
				DEVELOPMENT_TEAM = 5W9SHGAJVE;
				INFOPLIST_FILE = BitcoinTicker/Info.plist;
				LD_RUNPATH_SEARCH_PATHS = (
					"$(inherited)",
					"@executable_path/Frameworks",
				);
				PRODUCT_BUNDLE_IDENTIFIER = com.ssh.BitcoinTicker;
				PRODUCT_NAME = "$(TARGET_NAME)";
				SWIFT_VERSION = 4.0;
				TARGETED_DEVICE_FAMILY = "1,2";
			};
			name = Debug;
		};
		54CE79E920B6DCCE00A9F4BD /* Release */ = {
			isa = XCBuildConfiguration;
			baseConfigurationReference = 2EE4E21229E31C023FAC6AC6 /* Pods-BitcoinTicker.release.xcconfig */;
			buildSettings = {
				ASSETCATALOG_COMPILER_APPICON_NAME = AppIcon;
				CODE_SIGN_STYLE = Automatic;
				DEVELOPMENT_TEAM = 5W9SHGAJVE;
				INFOPLIST_FILE = BitcoinTicker/Info.plist;
				LD_RUNPATH_SEARCH_PATHS = (
					"$(inherited)",
					"@executable_path/Frameworks",
				);
				PRODUCT_BUNDLE_IDENTIFIER = com.ssh.BitcoinTicker;
				PRODUCT_NAME = "$(TARGET_NAME)";
				SWIFT_VERSION = 4.0;
				TARGETED_DEVICE_FAMILY = "1,2";
			};
			name = Release;
		};
/* End XCBuildConfiguration section */

/* Begin XCConfigurationList section */
		54CE79D020B6DCCD00A9F4BD /* Build configuration list for PBXProject "BitcoinTicker" */ = {
			isa = XCConfigurationList;
			buildConfigurations = (
				54CE79E520B6DCCE00A9F4BD /* Debug */,
				54CE79E620B6DCCE00A9F4BD /* Release */,
			);
			defaultConfigurationIsVisible = 0;
			defaultConfigurationName = Release;
		};
		54CE79E720B6DCCE00A9F4BD /* Build configuration list for PBXNativeTarget "BitcoinTicker" */ = {
			isa = XCConfigurationList;
			buildConfigurations = (
				54CE79E820B6DCCE00A9F4BD /* Debug */,
				54CE79E920B6DCCE00A9F4BD /* Release */,
			);
			defaultConfigurationIsVisible = 0;
			defaultConfigurationName = Release;
		};
/* End XCConfigurationList section */
	};
	rootObject = 54CE79CD20B6DCCD00A9F4BD /* Project object */;
}
